{
  "originHash" : "e3fb813ea8a34c68d994222819f1da89eee5b2c8b9fb1855153b53b9948f0a34",
  "pins" : [
    {
      "identity" : "spm-nmapsgeometry",
      "kind" : "remoteSourceControl",
      "location" : "https://github.com/navermaps/SPM-NMapsGeometry.git",
      "state" : {
        "revision" : "34698ea7de7d5c2009069bef5080f0fc3cb3bca3",
        "version" : "1.0.2"
      }
    }
  ],
  "version" : 3
}
